Microsoft Visual Studio Solution File, Format Version 11.00
# Visual Studio 2008

Project("{A1A0D75B-1999-E8E1-8FA1-CFC2657BF1AD}") = "FinalProjectofTuesdayNight", "Assembly-CSharp-firstpass.csproj", "{5069749D-432C-6E96-7E46-8EECB20842EF}"
EndProject
Project("{A1A0D75B-1999-E8E1-8FA1-CFC2657BF1AD}") = "FinalProjectofTuesdayNight", "Assembly-CSharp.csproj", "{9B281C4C-EB70-42E9-DBCB-241EF6CD071A}"
EndProject
Project("{A1A0D75B-1999-E8E1-8FA1-CFC2657BF1AD}") = "FinalProjectofTuesdayNight", "Assembly-CSharp-Editor.csproj", "{8F84337E-4E82-B6EA-0063-38782E73A7AA}"
EndProject
Project("{A1A0D75B-1999-E8E1-8FA1-CFC2657BF1AD}") = "FinalProjectofTuesdayNight", "Assembly-UnityScript-firstpass.unityproj", "{B92CA44D-32B8-DF55-37A6-11B0509BBE17}"
EndProject
Project("{A1A0D75B-1999-E8E1-8FA1-CFC2657BF1AD}") = "FinalProjectofTuesdayNight", "Assembly-UnityScript.unityproj", "{7B61D4A6-1B18-FE9F-20D2-5E435A4F49AD}"
EndProject
Global
	GlobalSection(SolutionConfigurationPlatforms) = preSolution
		Debug|Any CPU = Debug|Any CPU
		Release|Any CPU = Release|Any CPU
	EndGlobalSection
	GlobalSection(ProjectConfigurationPlatforms) = postSolution
		{5069749D-432C-6E96-7E46-8EECB20842EF}.Debug|Any CPU.ActiveCfg = Debug|Any CPU
		{5069749D-432C-6E96-7E46-8EECB20842EF}.Debug|Any CPU.Build.0 = Debug|Any CPU
		{5069749D-432C-6E96-7E46-8EECB20842EF}.Release|Any CPU.ActiveCfg = Release|Any CPU
		{5069749D-432C-6E96-7E46-8EECB20842EF}.Release|Any CPU.Build.0 = Release|Any CPU
		{9B281C4C-EB70-42E9-DBCB-241EF6CD071A}.Debug|Any CPU.ActiveCfg = Debug|Any CPU
		{9B281C4C-EB70-42E9-DBCB-241EF6CD071A}.Debug|Any CPU.Build.0 = Debug|Any CPU
		{9B281C4C-EB70-42E9-DBCB-241EF6CD071A}.Release|Any CPU.ActiveCfg = Release|Any CPU
		{9B281C4C-EB70-42E9-DBCB-241EF6CD071A}.Release|Any CPU.Build.0 = Release|Any CPU
		{8F84337E-4E82-B6EA-0063-38782E73A7AA}.Debug|Any CPU.ActiveCfg = Debug|Any CPU
		{8F84337E-4E82-B6EA-0063-38782E73A7AA}.Debug|Any CPU.Build.0 = Debug|Any CPU
		{8F84337E-4E82-B6EA-0063-38782E73A7AA}.Release|Any CPU.ActiveCfg = Release|Any CPU
		{8F84337E-4E82-B6EA-0063-38782E73A7AA}.Release|Any CPU.Build.0 = Release|Any CPU
		{B92CA44D-32B8-DF55-37A6-11B0509BBE17}.Debug|Any CPU.ActiveCfg = Debug|Any CPU
		{B92CA44D-32B8-DF55-37A6-11B0509BBE17}.Debug|Any CPU.Build.0 = Debug|Any CPU
		{B92CA44D-32B8-DF55-37A6-11B0509BBE17}.Release|Any CPU.ActiveCfg = Release|Any CPU
		{B92CA44D-32B8-DF55-37A6-11B0509BBE17}.Release|Any CPU.Build.0 = Release|Any CPU
		{7B61D4A6-1B18-FE9F-20D2-5E435A4F49AD}.Debug|Any CPU.ActiveCfg = Debug|Any CPU
		{7B61D4A6-1B18-FE9F-20D2-5E435A4F49AD}.Debug|Any CPU.Build.0 = Debug|Any CPU
		{7B61D4A6-1B18-FE9F-20D2-5E435A4F49AD}.Release|Any CPU.ActiveCfg = Release|Any CPU
		{7B61D4A6-1B18-FE9F-20D2-5E435A4F49AD}.Release|Any CPU.Build.0 = Release|Any CPU
	EndGlobalSection
	GlobalSection(SolutionProperties) = preSolution
		HideSolutionNode = FALSE
	EndGlobalSection
												GlobalSection(MonoDevelopProperties) = preSolution
		StartupItem = Assembly-CSharp.csproj
		Policies = $0
		$0.TextStylePolicy = $1
		$1.inheritsSet = null
		$1.scope = text/x-csharp
		$0.CSharpFormattingPolicy = $2
		$2.inheritsSet = Mono
		$2.inheritsScope = text/x-csharp
		$2.scope = text/x-csharp
		$0.TextStylePolicy = $3
		$3.FileWidth = 120
		$3.TabWidth = 4
		$3.EolMarker = Unix
		$3.inheritsSet = Mono
		$3.inheritsScope = text/plain
		$3.scope = text/plain
	EndGlobalSection

EndGlobal
