Microsoft Visual Studio Solution File, Format Version 11.00
# Visual Studio 2008

Project("{513A53F0-12A5-EF6B-98A3-27DE639553D6}") = "SceneSetUp", "Assembly-CSharp-firstpass.csproj", "{67543E17-170B-5B81-41EA-D52AB078D21A}"
EndProject
Project("{513A53F0-12A5-EF6B-98A3-27DE639553D6}") = "SceneSetUp", "Assembly-UnityScript-firstpass.unityproj", "{D910EFE5-3911-0756-9B3F-3B4784A4CC70}"
EndProject
Project("{513A53F0-12A5-EF6B-98A3-27DE639553D6}") = "SceneSetUp", "Assembly-UnityScript.unityproj", "{A3EE5D0D-1228-DA1D-E56A-2CE388B0FB3F}"
EndProject
Global
	GlobalSection(SolutionConfigurationPlatforms) = preSolution
		Debug|Any CPU = Debug|Any CPU
		Release|Any CPU = Release|Any CPU
	EndGlobalSection
	GlobalSection(ProjectConfigurationPlatforms) = postSolution
		{67543E17-170B-5B81-41EA-D52AB078D21A}.Debug|Any CPU.ActiveCfg = Debug|Any CPU
		{67543E17-170B-5B81-41EA-D52AB078D21A}.Debug|Any CPU.Build.0 = Debug|Any CPU
		{67543E17-170B-5B81-41EA-D52AB078D21A}.Release|Any CPU.ActiveCfg = Release|Any CPU
		{67543E17-170B-5B81-41EA-D52AB078D21A}.Release|Any CPU.Build.0 = Release|Any CPU
		{D910EFE5-3911-0756-9B3F-3B4784A4CC70}.Debug|Any CPU.ActiveCfg = Debug|Any CPU
		{D910EFE5-3911-0756-9B3F-3B4784A4CC70}.Debug|Any CPU.Build.0 = Debug|Any CPU
		{D910EFE5-3911-0756-9B3F-3B4784A4CC70}.Release|Any CPU.ActiveCfg = Release|Any CPU
		{D910EFE5-3911-0756-9B3F-3B4784A4CC70}.Release|Any CPU.Build.0 = Release|Any CPU
		{A3EE5D0D-1228-DA1D-E56A-2CE388B0FB3F}.Debug|Any CPU.ActiveCfg = Debug|Any CPU
		{A3EE5D0D-1228-DA1D-E56A-2CE388B0FB3F}.Debug|Any CPU.Build.0 = Debug|Any CPU
		{A3EE5D0D-1228-DA1D-E56A-2CE388B0FB3F}.Release|Any CPU.ActiveCfg = Release|Any CPU
		{A3EE5D0D-1228-DA1D-E56A-2CE388B0FB3F}.Release|Any CPU.Build.0 = Release|Any CPU
	EndGlobalSection
	GlobalSection(SolutionProperties) = preSolution
		HideSolutionNode = FALSE
	EndGlobalSection
																																																					GlobalSection(MonoDevelopProperties) = preSolution
		StartupItem = Assembly-CSharp.csproj
		Policies = $0
		$0.TextStylePolicy = $1
		$1.inheritsSet = null
		$1.scope = text/x-csharp
		$0.CSharpFormattingPolicy = $2
		$2.inheritsSet = Mono
		$2.inheritsScope = text/x-csharp
		$2.scope = text/x-csharp
		$0.TextStylePolicy = $3
		$3.FileWidth = 120
		$3.TabWidth = 4
		$3.EolMarker = Unix
		$3.inheritsSet = Mono
		$3.inheritsScope = text/plain
		$3.scope = text/plain
	EndGlobalSection

EndGlobal
